
Microsoft Visual Studio Solution File, Format Version 12.00
# Visual Studio Version 17
VisualStudioVersion = 17.5.33502.453
MinimumVisualStudioVersion = 10.0.40219.1
Project("{2150E333-8FDC-42A3-9474-1A3956D46DE8}") = "src", "src", "{197408C7-6BD5-4C0F-B241-A20287D4ECE2}"
EndProject
Project("{2150E333-8FDC-42A3-9474-1A3956D46DE8}") = "1.0 - Presentation", "1.0 - Presentation", "{D1A2D033-E633-4EF9-B142-48EB16D77B77}"
EndProject
Project("{2150E333-8FDC-42A3-9474-1A3956D46DE8}") = "2.0 - Application", "2.0 - Application", "{CA14324F-29A9-4E92-8821-564A8C7616A2}"
EndProject
Project("{2150E333-8FDC-42A3-9474-1A3956D46DE8}") = "3.0 - Domain", "3.0 - Domain", "{0BB7B4BE-7B26-414A-A4E9-DDF441C4AD9C}"
EndProject
Project("{2150E333-8FDC-42A3-9474-1A3956D46DE8}") = "4.0 - Infrastructure", "4.0 - Infrastructure", "{55102765-749F-425E-9C7C-624FAABD2C1D}"
EndProject
Project("{2150E333-8FDC-42A3-9474-1A3956D46DE8}") = "5.0 - Tests", "5.0 - Tests", "{DDBCFE99-A5DE-45C0-A9BE-2D14650F0032}"
EndProject
Project("{2150E333-8FDC-42A3-9474-1A3956D46DE8}") = "solution - items", "solution - items", "{005DD612-9C37-43C3-ACB3-54CB01E0FE6C}"
EndProject
Project("{FAE04EC0-301F-11D3-BF4B-00C04F79EFBC}") = "ChatRealTime", "ChatRealTime\ChatRealTime.csproj", "{648612FC-A4AD-42E3-AC4D-79B817F7BB18}"
EndProject
Project("{FAE04EC0-301F-11D3-BF4B-00C04F79EFBC}") = "ChatRealTime.Domain", "ChatRealTime.Domain\ChatRealTime.Domain.csproj", "{B03B5D06-1D24-4693-A72C-E6A124C4E1FA}"
EndProject
Project("{FAE04EC0-301F-11D3-BF4B-00C04F79EFBC}") = "ChatRealTime.Domain.Core", "ChatRealTime.Domain.Core\ChatRealTime.Domain.Core.csproj", "{41F62113-AA07-4B3F-823D-8A9728B061DF}"
EndProject
Project("{FAE04EC0-301F-11D3-BF4B-00C04F79EFBC}") = "ChatRealTime.Domain.Services", "ChatRealTime.Domain.Services\ChatRealTime.Domain.Services.csproj", "{97D5FE59-EE20-4243-880F-40E94A1FB2BC}"
EndProject
Project("{2150E333-8FDC-42A3-9474-1A3956D46DE8}") = "4.1 - Data", "4.1 - Data", "{95C02F37-4867-4EF3-A689-70EE4B80685D}"
EndProject
Project("{2150E333-8FDC-42A3-9474-1A3956D46DE8}") = "4.1 - CrossCutting", "4.1 - CrossCutting", "{ABD84E0C-D77E-49E4-B69A-018BE35D37B6}"
EndProject
Project("{FAE04EC0-301F-11D3-BF4B-00C04F79EFBC}") = "ChatRealTime.Repository", "ChatRealTime.Repository\ChatRealTime.Repository.csproj", "{93786D4D-9BD0-4492-83DD-9B4EA245059C}"
EndProject
Project("{FAE04EC0-301F-11D3-BF4B-00C04F79EFBC}") = "ChatRealTime.Application", "ChatRealTime.Application\ChatRealTime.Application.csproj", "{86763308-F3DA-45B5-96A6-AF85D552FAEF}"
EndProject
Project("{FAE04EC0-301F-11D3-BF4B-00C04F79EFBC}") = "ChatRealTime.Application.DTO", "ChatRealTime.Application.DTO\ChatRealTime.Application.DTO.csproj", "{20504940-8C5D-42D9-A843-4C0A5F9A6BA0}"
EndProject
Project("{FAE04EC0-301F-11D3-BF4B-00C04F79EFBC}") = "ChatRealTime.Infrastructure.Data", "ChatRealTime.Infrastructure.Data\ChatRealTime.Infrastructure.Data.csproj", "{54D41D56-6EC7-4C7E-BF29-9B4B0E6487DC}"
EndProject
Project("{FAE04EC0-301F-11D3-BF4B-00C04F79EFBC}") = "ChatRealTime.Infrastructure.CrossCutting", "ChatRealTime.Infrastructure.CrossCutting\ChatRealTime.Infrastructure.CrossCutting.csproj", "{C93CC2D1-4C64-42D0-8DEA-507119E0C11E}"
EndProject
Project("{FAE04EC0-301F-11D3-BF4B-00C04F79EFBC}") = "ChatRealTime.Infrastructure.CrossCutting.Ioc", "ChatRealTime.Infrastructure.CrossCutting.Ioc\ChatRealTime.Infrastructure.CrossCutting.Ioc.csproj", "{BC8D71F5-0E6E-4CBE-8363-887D3FCE7629}"
EndProject
Global
	GlobalSection(SolutionConfigurationPlatforms) = preSolution
		Debug|Any CPU = Debug|Any CPU
		Release|Any CPU = Release|Any CPU
	EndGlobalSection
	GlobalSection(ProjectConfigurationPlatforms) = postSolution
		{648612FC-A4AD-42E3-AC4D-79B817F7BB18}.Debug|Any CPU.ActiveCfg = Debug|Any CPU
		{648612FC-A4AD-42E3-AC4D-79B817F7BB18}.Debug|Any CPU.Build.0 = Debug|Any CPU
		{648612FC-A4AD-42E3-AC4D-79B817F7BB18}.Release|Any CPU.ActiveCfg = Release|Any CPU
		{648612FC-A4AD-42E3-AC4D-79B817F7BB18}.Release|Any CPU.Build.0 = Release|Any CPU
		{B03B5D06-1D24-4693-A72C-E6A124C4E1FA}.Debug|Any CPU.ActiveCfg = Debug|Any CPU
		{B03B5D06-1D24-4693-A72C-E6A124C4E1FA}.Debug|Any CPU.Build.0 = Debug|Any CPU
		{B03B5D06-1D24-4693-A72C-E6A124C4E1FA}.Release|Any CPU.ActiveCfg = Release|Any CPU
		{B03B5D06-1D24-4693-A72C-E6A124C4E1FA}.Release|Any CPU.Build.0 = Release|Any CPU
		{41F62113-AA07-4B3F-823D-8A9728B061DF}.Debug|Any CPU.ActiveCfg = Debug|Any CPU
		{41F62113-AA07-4B3F-823D-8A9728B061DF}.Debug|Any CPU.Build.0 = Debug|Any CPU
		{41F62113-AA07-4B3F-823D-8A9728B061DF}.Release|Any CPU.ActiveCfg = Release|Any CPU
		{41F62113-AA07-4B3F-823D-8A9728B061DF}.Release|Any CPU.Build.0 = Release|Any CPU
		{97D5FE59-EE20-4243-880F-40E94A1FB2BC}.Debug|Any CPU.ActiveCfg = Debug|Any CPU
		{97D5FE59-EE20-4243-880F-40E94A1FB2BC}.Debug|Any CPU.Build.0 = Debug|Any CPU
		{97D5FE59-EE20-4243-880F-40E94A1FB2BC}.Release|Any CPU.ActiveCfg = Release|Any CPU
		{97D5FE59-EE20-4243-880F-40E94A1FB2BC}.Release|Any CPU.Build.0 = Release|Any CPU
		{93786D4D-9BD0-4492-83DD-9B4EA245059C}.Debug|Any CPU.ActiveCfg = Debug|Any CPU
		{93786D4D-9BD0-4492-83DD-9B4EA245059C}.Debug|Any CPU.Build.0 = Debug|Any CPU
		{93786D4D-9BD0-4492-83DD-9B4EA245059C}.Release|Any CPU.ActiveCfg = Release|Any CPU
		{93786D4D-9BD0-4492-83DD-9B4EA245059C}.Release|Any CPU.Build.0 = Release|Any CPU
		{86763308-F3DA-45B5-96A6-AF85D552FAEF}.Debug|Any CPU.ActiveCfg = Debug|Any CPU
		{86763308-F3DA-45B5-96A6-AF85D552FAEF}.Debug|Any CPU.Build.0 = Debug|Any CPU
		{86763308-F3DA-45B5-96A6-AF85D552FAEF}.Release|Any CPU.ActiveCfg = Release|Any CPU
		{86763308-F3DA-45B5-96A6-AF85D552FAEF}.Release|Any CPU.Build.0 = Release|Any CPU
		{20504940-8C5D-42D9-A843-4C0A5F9A6BA0}.Debug|Any CPU.ActiveCfg = Debug|Any CPU
		{20504940-8C5D-42D9-A843-4C0A5F9A6BA0}.Debug|Any CPU.Build.0 = Debug|Any CPU
		{20504940-8C5D-42D9-A843-4C0A5F9A6BA0}.Release|Any CPU.ActiveCfg = Release|Any CPU
		{20504940-8C5D-42D9-A843-4C0A5F9A6BA0}.Release|Any CPU.Build.0 = Release|Any CPU
		{54D41D56-6EC7-4C7E-BF29-9B4B0E6487DC}.Debug|Any CPU.ActiveCfg = Debug|Any CPU
		{54D41D56-6EC7-4C7E-BF29-9B4B0E6487DC}.Debug|Any CPU.Build.0 = Debug|Any CPU
		{54D41D56-6EC7-4C7E-BF29-9B4B0E6487DC}.Release|Any CPU.ActiveCfg = Release|Any CPU
		{54D41D56-6EC7-4C7E-BF29-9B4B0E6487DC}.Release|Any CPU.Build.0 = Release|Any CPU
		{C93CC2D1-4C64-42D0-8DEA-507119E0C11E}.Debug|Any CPU.ActiveCfg = Debug|Any CPU
		{C93CC2D1-4C64-42D0-8DEA-507119E0C11E}.Debug|Any CPU.Build.0 = Debug|Any CPU
		{C93CC2D1-4C64-42D0-8DEA-507119E0C11E}.Release|Any CPU.ActiveCfg = Release|Any CPU
		{C93CC2D1-4C64-42D0-8DEA-507119E0C11E}.Release|Any CPU.Build.0 = Release|Any CPU
		{BC8D71F5-0E6E-4CBE-8363-887D3FCE7629}.Debug|Any CPU.ActiveCfg = Debug|Any CPU
		{BC8D71F5-0E6E-4CBE-8363-887D3FCE7629}.Debug|Any CPU.Build.0 = Debug|Any CPU
		{BC8D71F5-0E6E-4CBE-8363-887D3FCE7629}.Release|Any CPU.ActiveCfg = Release|Any CPU
		{BC8D71F5-0E6E-4CBE-8363-887D3FCE7629}.Release|Any CPU.Build.0 = Release|Any CPU
	EndGlobalSection
	GlobalSection(SolutionProperties) = preSolution
		HideSolutionNode = FALSE
	EndGlobalSection
	GlobalSection(NestedProjects) = preSolution
		{D1A2D033-E633-4EF9-B142-48EB16D77B77} = {197408C7-6BD5-4C0F-B241-A20287D4ECE2}
		{CA14324F-29A9-4E92-8821-564A8C7616A2} = {197408C7-6BD5-4C0F-B241-A20287D4ECE2}
		{0BB7B4BE-7B26-414A-A4E9-DDF441C4AD9C} = {197408C7-6BD5-4C0F-B241-A20287D4ECE2}
		{55102765-749F-425E-9C7C-624FAABD2C1D} = {197408C7-6BD5-4C0F-B241-A20287D4ECE2}
		{DDBCFE99-A5DE-45C0-A9BE-2D14650F0032} = {197408C7-6BD5-4C0F-B241-A20287D4ECE2}
		{648612FC-A4AD-42E3-AC4D-79B817F7BB18} = {D1A2D033-E633-4EF9-B142-48EB16D77B77}
		{B03B5D06-1D24-4693-A72C-E6A124C4E1FA} = {0BB7B4BE-7B26-414A-A4E9-DDF441C4AD9C}
		{41F62113-AA07-4B3F-823D-8A9728B061DF} = {0BB7B4BE-7B26-414A-A4E9-DDF441C4AD9C}
		{97D5FE59-EE20-4243-880F-40E94A1FB2BC} = {0BB7B4BE-7B26-414A-A4E9-DDF441C4AD9C}
		{95C02F37-4867-4EF3-A689-70EE4B80685D} = {55102765-749F-425E-9C7C-624FAABD2C1D}
		{ABD84E0C-D77E-49E4-B69A-018BE35D37B6} = {55102765-749F-425E-9C7C-624FAABD2C1D}
		{93786D4D-9BD0-4492-83DD-9B4EA245059C} = {95C02F37-4867-4EF3-A689-70EE4B80685D}
		{86763308-F3DA-45B5-96A6-AF85D552FAEF} = {CA14324F-29A9-4E92-8821-564A8C7616A2}
		{20504940-8C5D-42D9-A843-4C0A5F9A6BA0} = {CA14324F-29A9-4E92-8821-564A8C7616A2}
		{54D41D56-6EC7-4C7E-BF29-9B4B0E6487DC} = {95C02F37-4867-4EF3-A689-70EE4B80685D}
		{C93CC2D1-4C64-42D0-8DEA-507119E0C11E} = {ABD84E0C-D77E-49E4-B69A-018BE35D37B6}
		{BC8D71F5-0E6E-4CBE-8363-887D3FCE7629} = {ABD84E0C-D77E-49E4-B69A-018BE35D37B6}
	EndGlobalSection
	GlobalSection(ExtensibilityGlobals) = postSolution
		SolutionGuid = {AA1EADBF-92F9-47B0-99A5-E54419F8AD65}
	EndGlobalSection
EndGlobal
